{
  "nodes": {
    "denialPlugins": {
      "flake": false,
      "locked": {
        "lastModified": 1790795186,
        "narHash": "sha256-nidfJBJvh/r60vhYDytNumZQyLAiIyCf+QB0ECiBV60=",
        "owner": "denialwm",
        "repo": "denial-plugins",
        "rev": "4b7adf998852b09b9a91c1cfab48be58debf2e80",
        "type": "github"
      },
      "original": {
        "owner": "denialwm",
        "repo": "denial-plugins",
        "rev": "4b7adf998852b09b9a91c1cfab48be58debf2e80",
        "type": "github"
      }
    },
    "nixpkgs": {
      "locked": {
        "lastModified": 1789542786,
        "narHash": "sha256-ajQuqcxnj6RYnwCjA/9FTCnrdR2+BDzstE8UembXf60=",
        "owner": "NixOS",
        "repo": "nixpkgs",
        "rev": "4c7870105e7f1fdf9c48688c8d7efc21abf0688a",
        "type": "github"
      },
      "original": {
        "owner": "NixOS",
        "ref": "nixos-26.05",
        "repo": "nixpkgs",
        "type": "github"
      }
    },
    "nixpkgsUnstable": {
      "locked": {
        "lastModified": 1790689126,
        "narHash": "sha256-ilerN1WLSvF+HMjziC/Wv99J5y02maDH+6hZPwsORKg=",
        "owner": "NixOS",
        "repo": "nixpkgs",
        "rev": "b4fd65b198c599cbe814fcb9f42d25d021595ec9",
        "type": "github"
      },
      "original": {
        "owner": "NixOS",
        "ref": "nixos-unstable",
        "repo": "nixpkgs",
        "type": "github"
      }
    },
    "root": {
      "inputs": {
        "denialPlugins": "denialPlugins",
        "nixpkgs": "nixpkgs",
        "nixpkgsUnstable": "nixpkgsUnstable"
      }
    }
  },
  "root": "root",
  "version": 7
}
